<?xml version="1.0" encoding="utf-8"?>
<Project ToolsVersion="4.0" xmlns="http://schemas.microsoft.com/developer/msbuild/2003">
  <ItemGroup>
    <Filter Include="Src">
      <UniqueIdentifier>{849df190-15a2-4ac9-bc05-8f1b66763fca}</UniqueIdentifier>
    </Filter>
    <Filter Include="Inc">
      <UniqueIdentifier>{e59ff616-c19a-4b2c-8dc4-35c3407af0f5}</UniqueIdentifier>
    </Filter>
    <Filter Include="Inc\Services">
      <UniqueIdentifier>{b347d075-fbec-4035-8962-cdfc91dce4e4}</UniqueIdentifier>
    </Filter>
    <Filter Include="Src\Services">
      <UniqueIdentifier>{e032a326-1e87-456f-b1a7-939a0740dbb0}</UniqueIdentifier>
    </Filter>
    <Filter Include="Inc\Component">
      <UniqueIdentifier>{51bb5acc-0ec4-4768-ac7d-adef42c6fdd8}</UniqueIdentifier>
    </Filter>
    <Filter Include="Src\Component">
      <UniqueIdentifier>{03f3fff2-cd03-4159-a76f-1165a170c3f6}</UniqueIdentifier>
    </Filter>
  </ItemGroup>
  <ItemGroup>
    <ClCompile Include="Src\Precompiled.cpp">
      <Filter>Src</Filter>
    </ClCompile>
    <ClCompile Include="Src\App.cpp">
      <Filter>Src</Filter>
    </ClCompile>
    <ClCompile Include="Src\GamePlayState.cpp">
      <Filter>Src</Filter>
    </ClCompile>
    <ClCompile Include="Src\RenderService.cpp">
      <Filter>Src\Services</Filter>
    </ClCompile>
    <ClCompile Include="Src\InputService.cpp">
      <Filter>Src\Services</Filter>
    </ClCompile>
    <ClCompile Include="Src\UIService.cpp">
      <Filter>Src\Services</Filter>
    </ClCompile>
    <ClCompile Include="Src\GameObject.cpp">
      <Filter>Src</Filter>
    </ClCompile>
    <ClCompile Include="Src\TransformComponent.cpp">
      <Filter>Src\Component</Filter>
    </ClCompile>
    <ClCompile Include="Src\RenderComponent.cpp">
      <Filter>Src\Component</Filter>
    </ClCompile>
    <ClCompile Include="Src\InputComponent.cpp">
      <Filter>Src\Component</Filter>
    </ClCompile>
  </ItemGroup>
  <ItemGroup>
    <ClInclude Include="Src\Precompiled.h">
      <Filter>Src</Filter>
    </ClInclude>
    <ClInclude Include="Inc\Common.h">
      <Filter>Inc</Filter>
    </ClInclude>
    <ClInclude Include="Inc\App.h">
      <Filter>Inc</Filter>
    </ClInclude>
    <ClInclude Include="Inc\AppState.h">
      <Filter>Inc</Filter>
    </ClInclude>
    <ClInclude Include="Inc\GamePlayState.h">
      <Filter>Inc</Filter>
    </ClInclude>
    <ClInclude Include="Inc\RenderService.h">
      <Filter>Inc\Services</Filter>
    </ClInclude>
    <ClInclude Include="Inc\InputService.h">
      <Filter>Inc\Services</Filter>
    </ClInclude>
    <ClInclude Include="Inc\UIService.h">
      <Filter>Inc\Services</Filter>
    </ClInclude>
    <ClInclude Include="Inc\Component.h">
      <Filter>Inc\Component</Filter>
    </ClInclude>
    <ClInclude Include="Inc\GameObject.h">
      <Filter>Inc</Filter>
    </ClInclude>
    <ClInclude Include="Inc\TypeId.h">
      <Filter>Inc</Filter>
    </ClInclude>
    <ClInclude Include="Inc\TransformComponent.h">
      <Filter>Inc\Component</Filter>
    </ClInclude>
    <ClInclude Include="Inc\RenderComponent.h">
      <Filter>Inc\Component</Filter>
    </ClInclude>
    <ClInclude Include="Inc\InputComponent.h">
      <Filter>Inc\Component</Filter>
    </ClInclude>
  </ItemGroup>
</Project>